// !$*UTF8*$!
{
	archiveVersion = 1;
	classes = {
	};
	objectVersion = 46;
	objects = {

/* Begin PBXBuildFile section */
		34A94F341BAC66BD00089841 /* NSDateExtension.swift in Sources */ = {isa = PBXBuildFile; fileRef = 34A94F331BAC66BD00089841 /* NSDateExtension.swift */; settings = {ASSET_TAGS = (); }; };
		6E25AB381B0B791F0031CA84 /* AuthenticationManager.swift in Sources */ = {isa = PBXBuildFile; fileRef = 6E25AB371B0B791F0031CA84 /* AuthenticationManager.swift */; };
		6E29B35C1B0ED2B1002CD319 /* SiteContentViewController.swift in Sources */ = {isa = PBXBuildFile; fileRef = 6E29B35B1B0ED2B1002CD319 /* SiteContentViewController.swift */; };
		6E29B35E1B0ED716002CD319 /* CameraSite.swift in Sources */ = {isa = PBXBuildFile; fileRef = 6E29B35D1B0ED716002CD319 /* CameraSite.swift */; };
		6E3884551B0BC8AA001836DC /* SiteViewController.swift in Sources */ = {isa = PBXBuildFile; fileRef = 6E3884541B0BC8AA001836DC /* SiteViewController.swift */; };
		6E94EADB1B0BA43500A31460 /* RequestManager.swift in Sources */ = {isa = PBXBuildFile; fileRef = 6E94EADA1B0BA43500A31460 /* RequestManager.swift */; };
		6EF9D5461B0A421A00BC6FCA /* FBSDKShareKit.framework in Frameworks */ = {isa = PBXBuildFile; fileRef = 6EF9D5421B0A421A00BC6FCA /* FBSDKShareKit.framework */; };
		6EF9D5471B0A421A00BC6FCA /* FBSDKLoginKit.framework in Frameworks */ = {isa = PBXBuildFile; fileRef = 6EF9D5431B0A421A00BC6FCA /* FBSDKLoginKit.framework */; };
		6EF9D5481B0A421A00BC6FCA /* Bolts.framework in Frameworks */ = {isa = PBXBuildFile; fileRef = 6EF9D5441B0A421A00BC6FCA /* Bolts.framework */; };
		6EF9D5491B0A421A00BC6FCA /* FBSDKCoreKit.framework in Frameworks */ = {isa = PBXBuildFile; fileRef = 6EF9D5451B0A421A00BC6FCA /* FBSDKCoreKit.framework */; };
		6EFB863B1B0A3EAD0089A750 /* AppDelegate.swift in Sources */ = {isa = PBXBuildFile; fileRef = 6EFB863A1B0A3EAD0089A750 /* AppDelegate.swift */; };
		6EFB863D1B0A3EAD0089A750 /* ViewController.swift in Sources */ = {isa = PBXBuildFile; fileRef = 6EFB863C1B0A3EAD0089A750 /* ViewController.swift */; };
		6EFB86401B0A3EAD0089A750 /* Main.storyboard in Resources */ = {isa = PBXBuildFile; fileRef = 6EFB863E1B0A3EAD0089A750 /* Main.storyboard */; };
		6EFB86421B0A3EAD0089A750 /* Images.xcassets in Resources */ = {isa = PBXBuildFile; fileRef = 6EFB86411B0A3EAD0089A750 /* Images.xcassets */; };
		6EFB86451B0A3EAD0089A750 /* LaunchScreen.xib in Resources */ = {isa = PBXBuildFile; fileRef = 6EFB86431B0A3EAD0089A750 /* LaunchScreen.xib */; };
		6EFB86511B0A3EAD0089A750 /* PhocalstreamTests.swift in Sources */ = {isa = PBXBuildFile; fileRef = 6EFB86501B0A3EAD0089A750 /* PhocalstreamTests.swift */; };
/* End PBXBuildFile section */

/* Begin PBXContainerItemProxy section */
		6EFB864B1B0A3EAD0089A750 /* PBXContainerItemProxy */ = {
			isa = PBXContainerItemProxy;
			containerPortal = 6EFB862D1B0A3EAD0089A750 /* Project object */;
			proxyType = 1;
			remoteGlobalIDString = 6EFB86341B0A3EAD0089A750;
			remoteInfo = Phocalstream;
		};
/* End PBXContainerItemProxy section */

/* Begin PBXFileReference section */
		34A94F331BAC66BD00089841 /* NSDateExtension.swift */ = {isa = PBXFileReference; fileEncoding = 4; lastKnownFileType = sourcecode.swift; path = NSDateExtension.swift; sourceTree = "<group>"; };
		6E25AB371B0B791F0031CA84 /* AuthenticationManager.swift */ = {isa = PBXFileReference; fileEncoding = 4; lastKnownFileType = sourcecode.swift; path = AuthenticationManager.swift; sourceTree = "<group>"; };
		6E29B35B1B0ED2B1002CD319 /* SiteContentViewController.swift */ = {isa = PBXFileReference; fileEncoding = 4; lastKnownFileType = sourcecode.swift; path = SiteContentViewController.swift; sourceTree = "<group>"; };
		6E29B35D1B0ED716002CD319 /* CameraSite.swift */ = {isa = PBXFileReference; fileEncoding = 4; lastKnownFileType = sourcecode.swift; path = CameraSite.swift; sourceTree = "<group>"; };
		6E3884541B0BC8AA001836DC /* SiteViewController.swift */ = {isa = PBXFileReference; fileEncoding = 4; lastKnownFileType = sourcecode.swift; path = SiteViewController.swift; sourceTree = "<group>"; };
		6E94EADA1B0BA43500A31460 /* RequestManager.swift */ = {isa = PBXFileReference; fileEncoding = 4; lastKnownFileType = sourcecode.swift; path = RequestManager.swift; sourceTree = "<group>"; };
		6EF9D5421B0A421A00BC6FCA /* FBSDKShareKit.framework */ = {isa = PBXFileReference; lastKnownFileType = wrapper.framework; name = FBSDKShareKit.framework; path = Phocalstream/Frameworks/FBSDKShareKit.framework; sourceTree = "<group>"; };
		6EF9D5431B0A421A00BC6FCA /* FBSDKLoginKit.framework */ = {isa = PBXFileReference; lastKnownFileType = wrapper.framework; name = FBSDKLoginKit.framework; path = Phocalstream/Frameworks/FBSDKLoginKit.framework; sourceTree = "<group>"; };
		6EF9D5441B0A421A00BC6FCA /* Bolts.framework */ = {isa = PBXFileReference; lastKnownFileType = wrapper.framework; name = Bolts.framework; path = Phocalstream/Frameworks/Bolts.framework; sourceTree = "<group>"; };
		6EF9D5451B0A421A00BC6FCA /* FBSDKCoreKit.framework */ = {isa = PBXFileReference; lastKnownFileType = wrapper.framework; name = FBSDKCoreKit.framework; path = Phocalstream/Frameworks/FBSDKCoreKit.framework; sourceTree = "<group>"; };
		6EFB86351B0A3EAD0089A750 /* Phocalstream.app */ = {isa = PBXFileReference; explicitFileType = wrapper.application; includeInIndex = 0; path = Phocalstream.app; sourceTree = BUILT_PRODUCTS_DIR; };
		6EFB86391B0A3EAD0089A750 /* Info.plist */ = {isa = PBXFileReference; lastKnownFileType = text.plist.xml; path = Info.plist; sourceTree = "<group>"; };
		6EFB863A1B0A3EAD0089A750 /* AppDelegate.swift */ = {isa = PBXFileReference; lastKnownFileType = sourcecode.swift; path = AppDelegate.swift; sourceTree = "<group>"; };
		6EFB863C1B0A3EAD0089A750 /* ViewController.swift */ = {isa = PBXFileReference; lastKnownFileType = sourcecode.swift; path = ViewController.swift; sourceTree = "<group>"; };
		6EFB863F1B0A3EAD0089A750 /* Base */ = {isa = PBXFileReference; lastKnownFileType = file.storyboard; name = Base; path = Base.lproj/Main.storyboard; sourceTree = "<group>"; };
		6EFB86411B0A3EAD0089A750 /* Images.xcassets */ = {isa = PBXFileReference; lastKnownFileType = folder.assetcatalog; path = Images.xcassets; sourceTree = "<group>"; };
		6EFB86441B0A3EAD0089A750 /* Base */ = {isa = PBXFileReference; lastKnownFileType = file.xib; name = Base; path = Base.lproj/LaunchScreen.xib; sourceTree = "<group>"; };
		6EFB864A1B0A3EAD0089A750 /* PhocalstreamTests.xctest */ = {isa = PBXFileReference; explicitFileType = wrapper.cfbundle; includeInIndex = 0; path = PhocalstreamTests.xctest; sourceTree = BUILT_PRODUCTS_DIR; };
		6EFB864F1B0A3EAD0089A750 /* Info.plist */ = {isa = PBXFileReference; lastKnownFileType = text.plist.xml; path = Info.plist; sourceTree = "<group>"; };
		6EFB86501B0A3EAD0089A750 /* PhocalstreamTests.swift */ = {isa = PBXFileReference; lastKnownFileType = sourcecode.swift; path = PhocalstreamTests.swift; sourceTree = "<group>"; };
/* End PBXFileReference section */

/* Begin PBXFrameworksBuildPhase section */
		6EFB86321B0A3EAD0089A750 /* Frameworks */ = {
			isa = PBXFrameworksBuildPhase;
			buildActionMask = 2147483647;
			files = (
				6EF9D5461B0A421A00BC6FCA /* FBSDKShareKit.framework in Frameworks */,
				6EF9D5471B0A421A00BC6FCA /* FBSDKLoginKit.framework in Frameworks */,
				6EF9D5481B0A421A00BC6FCA /* Bolts.framework in Frameworks */,
				6EF9D5491B0A421A00BC6FCA /* FBSDKCoreKit.framework in Frameworks */,
			);
			runOnlyForDeploymentPostprocessing = 0;
		};
		6EFB86471B0A3EAD0089A750 /* Frameworks */ = {
			isa = PBXFrameworksBuildPhase;
			buildActionMask = 2147483647;
			files = (
			);
			runOnlyForDeploymentPostprocessing = 0;
		};
/* End PBXFrameworksBuildPhase section */

/* Begin PBXGroup section */
		34A94F321BAC66AA00089841 /* Utilities */ = {
			isa = PBXGroup;
			children = (
				34A94F331BAC66BD00089841 /* NSDateExtension.swift */,
			);
			name = Utilities;
			sourceTree = "<group>";
		};
		6EFB862C1B0A3EAD0089A750 = {
			isa = PBXGroup;
			children = (
				6EF9D5421B0A421A00BC6FCA /* FBSDKShareKit.framework */,
				6EF9D5431B0A421A00BC6FCA /* FBSDKLoginKit.framework */,
				6EF9D5441B0A421A00BC6FCA /* Bolts.framework */,
				6EF9D5451B0A421A00BC6FCA /* FBSDKCoreKit.framework */,
				6EFB86371B0A3EAD0089A750 /* Phocalstream */,
				6EFB864D1B0A3EAD0089A750 /* PhocalstreamTests */,
				6EFB86361B0A3EAD0089A750 /* Products */,
			);
			sourceTree = "<group>";
		};
		6EFB86361B0A3EAD0089A750 /* Products */ = {
			isa = PBXGroup;
			children = (
				6EFB86351B0A3EAD0089A750 /* Phocalstream.app */,
				6EFB864A1B0A3EAD0089A750 /* PhocalstreamTests.xctest */,
			);
			name = Products;
			sourceTree = "<group>";
		};
		6EFB86371B0A3EAD0089A750 /* Phocalstream */ = {
			isa = PBXGroup;
			children = (
				34A94F321BAC66AA00089841 /* Utilities */,
				6EFB863A1B0A3EAD0089A750 /* AppDelegate.swift */,
				6EFB863C1B0A3EAD0089A750 /* ViewController.swift */,
				6E3884541B0BC8AA001836DC /* SiteViewController.swift */,
				6E29B35B1B0ED2B1002CD319 /* SiteContentViewController.swift */,
				6EFB863E1B0A3EAD0089A750 /* Main.storyboard */,
				6EFB86411B0A3EAD0089A750 /* Images.xcassets */,
				6EFB86431B0A3EAD0089A750 /* LaunchScreen.xib */,
				6EFB86381B0A3EAD0089A750 /* Supporting Files */,
				6E25AB371B0B791F0031CA84 /* AuthenticationManager.swift */,
				6E94EADA1B0BA43500A31460 /* RequestManager.swift */,
				6E29B35D1B0ED716002CD319 /* CameraSite.swift */,
			);
			path = Phocalstream;
			sourceTree = "<group>";
		};
		6EFB86381B0A3EAD0089A750 /* Supporting Files */ = {
			isa = PBXGroup;
			children = (
				6EFB86391B0A3EAD0089A750 /* Info.plist */,
			);
			name = "Supporting Files";
			sourceTree = "<group>";
		};
		6EFB864D1B0A3EAD0089A750 /* PhocalstreamTests */ = {
			isa = PBXGroup;
			children = (
				6EFB86501B0A3EAD0089A750 /* PhocalstreamTests.swift */,
				6EFB864E1B0A3EAD0089A750 /* Supporting Files */,
			);
			path = PhocalstreamTests;
			sourceTree = "<group>";
		};
		6EFB864E1B0A3EAD0089A750 /* Supporting Files */ = {
			isa = PBXGroup;
			children = (
				6EFB864F1B0A3EAD0089A750 /* Info.plist */,
			);
			name = "Supporting Files";
			sourceTree = "<group>";
		};
/* End PBXGroup section */

/* Begin PBXNativeTarget section */
		6EFB86341B0A3EAD0089A750 /* Phocalstream */ = {
			isa = PBXNativeTarget;
			buildConfigurationList = 6EFB86541B0A3EAD0089A750 /* Build configuration list for PBXNativeTarget "Phocalstream" */;
			buildPhases = (
				6EFB86311B0A3EAD0089A750 /* Sources */,
				6EFB86321B0A3EAD0089A750 /* Frameworks */,
				6EFB86331B0A3EAD0089A750 /* Resources */,
			);
			buildRules = (
			);
			dependencies = (
			);
			name = Phocalstream;
			productName = Phocalstream;
			productReference = 6EFB86351B0A3EAD0089A750 /* Phocalstream.app */;
			productType = "com.apple.product-type.application";
		};
		6EFB86491B0A3EAD0089A750 /* PhocalstreamTests */ = {
			isa = PBXNativeTarget;
			buildConfigurationList = 6EFB86571B0A3EAD0089A750 /* Build configuration list for PBXNativeTarget "PhocalstreamTests" */;
			buildPhases = (
				6EFB86461B0A3EAD0089A750 /* Sources */,
				6EFB86471B0A3EAD0089A750 /* Frameworks */,
				6EFB86481B0A3EAD0089A750 /* Resources */,
			);
			buildRules = (
			);
			dependencies = (
				6EFB864C1B0A3EAD0089A750 /* PBXTargetDependency */,
			);
			name = PhocalstreamTests;
			productName = PhocalstreamTests;
			productReference = 6EFB864A1B0A3EAD0089A750 /* PhocalstreamTests.xctest */;
			productType = "com.apple.product-type.bundle.unit-test";
		};
/* End PBXNativeTarget section */

/* Begin PBXProject section */
		6EFB862D1B0A3EAD0089A750 /* Project object */ = {
			isa = PBXProject;
			attributes = {
				LastSwiftMigration = 0700;
				LastSwiftUpdateCheck = 0700;
				LastUpgradeCheck = 0630;
				ORGANIZATIONNAME = "JS Raikes School";
				TargetAttributes = {
					6EFB86341B0A3EAD0089A750 = {
						CreatedOnToolsVersion = 6.3.1;
					};
					6EFB86491B0A3EAD0089A750 = {
						CreatedOnToolsVersion = 6.3.1;
						TestTargetID = 6EFB86341B0A3EAD0089A750;
					};
				};
			};
			buildConfigurationList = 6EFB86301B0A3EAD0089A750 /* Build configuration list for PBXProject "Phocalstream" */;
			compatibilityVersion = "Xcode 3.2";
			developmentRegion = English;
			hasScannedForEncodings = 0;
			knownRegions = (
				en,
				Base,
			);
			mainGroup = 6EFB862C1B0A3EAD0089A750;
			productRefGroup = 6EFB86361B0A3EAD0089A750 /* Products */;
			projectDirPath = "";
			projectRoot = "";
			targets = (
				6EFB86341B0A3EAD0089A750 /* Phocalstream */,
				6EFB86491B0A3EAD0089A750 /* PhocalstreamTests */,
			);
		};
/* End PBXProject section */

/* Begin PBXResourcesBuildPhase section */
		6EFB86331B0A3EAD0089A750 /* Resources */ = {
			isa = PBXResourcesBuildPhase;
			buildActionMask = 2147483647;
			files = (
				6EFB86401B0A3EAD0089A750 /* Main.storyboard in Resources */,
				6EFB86451B0A3EAD0089A750 /* LaunchScreen.xib in Resources */,
				6EFB86421B0A3EAD0089A750 /* Images.xcassets in Resources */,
			);
			runOnlyForDeploymentPostprocessing = 0;
		};
		6EFB86481B0A3EAD0089A750 /* Resources */ = {
			isa = PBXResourcesBuildPhase;
			buildActionMask = 2147483647;
			files = (
			);
			runOnlyForDeploymentPostprocessing = 0;
		};
/* End PBXResourcesBuildPhase section */

/* Begin PBXSourcesBuildPhase section */
		6EFB86311B0A3EAD0089A750 /* Sources */ = {
			isa = PBXSourcesBuildPhase;
			buildActionMask = 2147483647;
			files = (
				6E3884551B0BC8AA001836DC /* SiteViewController.swift in Sources */,
				6E25AB381B0B791F0031CA84 /* AuthenticationManager.swift in Sources */,
				6EFB863D1B0A3EAD0089A750 /* ViewController.swift in Sources */,
				6EFB863B1B0A3EAD0089A750 /* AppDelegate.swift in Sources */,
				34A94F341BAC66BD00089841 /* NSDateExtension.swift in Sources */,
				6E94EADB1B0BA43500A31460 /* RequestManager.swift in Sources */,
				6E29B35C1B0ED2B1002CD319 /* SiteContentViewController.swift in Sources */,
				6E29B35E1B0ED716002CD319 /* CameraSite.swift in Sources */,
			);
			runOnlyForDeploymentPostprocessing = 0;
		};
		6EFB86461B0A3EAD0089A750 /* Sources */ = {
			isa = PBXSourcesBuildPhase;
			buildActionMask = 2147483647;
			files = (
				6EFB86511B0A3EAD0089A750 /* PhocalstreamTests.swift in Sources */,
			);
			runOnlyForDeploymentPostprocessing = 0;
		};
/* End PBXSourcesBuildPhase section */

/* Begin PBXTargetDependency section */
		6EFB864C1B0A3EAD0089A750 /* PBXTargetDependency */ = {
			isa = PBXTargetDependency;
			target = 6EFB86341B0A3EAD0089A750 /* Phocalstream */;
			targetProxy = 6EFB864B1B0A3EAD0089A750 /* PBXContainerItemProxy */;
		};
/* End PBXTargetDependency section */

/* Begin PBXVariantGroup section */
		6EFB863E1B0A3EAD0089A750 /* Main.storyboard */ = {
			isa = PBXVariantGroup;
			children = (
				6EFB863F1B0A3EAD0089A750 /* Base */,
			);
			name = Main.storyboard;
			sourceTree = "<group>";
		};
		6EFB86431B0A3EAD0089A750 /* LaunchScreen.xib */ = {
			isa = PBXVariantGroup;
			children = (
				6EFB86441B0A3EAD0089A750 /* Base */,
			);
			name = LaunchScreen.xib;
			sourceTree = "<group>";
		};
/* End PBXVariantGroup section */

/* Begin XCBuildConfiguration section */
		6EFB86521B0A3EAD0089A750 /* Debug */ = {
			isa = XCBuildConfiguration;
			buildSettings = {
				ALWAYS_SEARCH_USER_PATHS = NO;
				CLANG_CXX_LANGUAGE_STANDARD = "gnu++0x";
				CLANG_CXX_LIBRARY = "libc++";
				CLANG_ENABLE_MODULES = YES;
				CLANG_ENABLE_OBJC_ARC = YES;
				CLANG_WARN_BOOL_CONVERSION = YES;
				CLANG_WARN_CONSTANT_CONVERSION = YES;
				CLANG_WARN_DIRECT_OBJC_ISA_USAGE = YES_ERROR;
				CLANG_WARN_EMPTY_BODY = YES;
				CLANG_WARN_ENUM_CONVERSION = YES;
				CLANG_WARN_INT_CONVERSION = YES;
				CLANG_WARN_OBJC_ROOT_CLASS = YES_ERROR;
				CLANG_WARN_UNREACHABLE_CODE = YES;
				CLANG_WARN__DUPLICATE_METHOD_MATCH = YES;
				"CODE_SIGN_IDENTITY[sdk=iphoneos*]" = "iPhone Developer";
				COPY_PHASE_STRIP = NO;
				DEBUG_INFORMATION_FORMAT = "dwarf-with-dsym";
				ENABLE_STRICT_OBJC_MSGSEND = YES;
				GCC_C_LANGUAGE_STANDARD = gnu99;
				GCC_DYNAMIC_NO_PIC = NO;
				GCC_NO_COMMON_BLOCKS = YES;
				GCC_OPTIMIZATION_LEVEL = 0;
				GCC_PREPROCESSOR_DEFINITIONS = (
					"DEBUG=1",
					"$(inherited)",
				);
				GCC_SYMBOLS_PRIVATE_EXTERN = NO;
				GCC_WARN_64_TO_32_BIT_CONVERSION = YES;
				GCC_WARN_ABOUT_RETURN_TYPE = YES_ERROR;
				GCC_WARN_UNDECLARED_SELECTOR = YES;
				GCC_WARN_UNINITIALIZED_AUTOS = YES_AGGRESSIVE;
				GCC_WARN_UNUSED_FUNCTION = YES;
				GCC_WARN_UNUSED_VARIABLE = YES;
				IPHONEOS_DEPLOYMENT_TARGET = 8.3;
				MTL_ENABLE_DEBUG_INFO = YES;
				ONLY_ACTIVE_ARCH = YES;
				SDKROOT = iphoneos;
				SWIFT_OPTIMIZATION_LEVEL = "-Onone";
			};
			name = Debug;
		};
		6EFB86531B0A3EAD0089A750 /* Release */ = {
			isa = XCBuildConfiguration;
			buildSettings = {
				ALWAYS_SEARCH_USER_PATHS = NO;
				CLANG_CXX_LANGUAGE_STANDARD = "gnu++0x";
				CLANG_CXX_LIBRARY = "libc++";
				CLANG_ENABLE_MODULES = YES;
				CLANG_ENABLE_OBJC_ARC = YES;
				CLANG_WARN_BOOL_CONVERSION = YES;
				CLANG_WARN_CONSTANT_CONVERSION = YES;
				CLANG_WARN_DIRECT_OBJC_ISA_USAGE = YES_ERROR;
				CLANG_WARN_EMPTY_BODY = YES;
				CLANG_WARN_ENUM_CONVERSION = YES;
				CLANG_WARN_INT_CONVERSION = YES;
				CLANG_WARN_OBJC_ROOT_CLASS = YES_ERROR;
				CLANG_WARN_UNREACHABLE_CODE = YES;
				CLANG_WARN__DUPLICATE_METHOD_MATCH = YES;
				"CODE_SIGN_IDENTITY[sdk=iphoneos*]" = "iPhone Developer";
				COPY_PHASE_STRIP = NO;
				DEBUG_INFORMATION_FORMAT = "dwarf-with-dsym";
				ENABLE_NS_ASSERTIONS = NO;
				ENABLE_STRICT_OBJC_MSGSEND = YES;
				GCC_C_LANGUAGE_STANDARD = gnu99;
				GCC_NO_COMMON_BLOCKS = YES;
				GCC_WARN_64_TO_32_BIT_CONVERSION = YES;
				GCC_WARN_ABOUT_RETURN_TYPE = YES_ERROR;
				GCC_WARN_UNDECLARED_SELECTOR = YES;
				GCC_WARN_UNINITIALIZED_AUTOS = YES_AGGRESSIVE;
				GCC_WARN_UNUSED_FUNCTION = YES;
				GCC_WARN_UNUSED_VARIABLE = YES;
				IPHONEOS_DEPLOYMENT_TARGET = 8.3;
				MTL_ENABLE_DEBUG_INFO = NO;
				SDKROOT = iphoneos;
				VALIDATE_PRODUCT = YES;
			};
			name = Release;
		};
		6EFB86551B0A3EAD0089A750 /* Debug */ = {
			isa = XCBuildConfiguration;
			buildSettings = {
				ASSETCATALOG_COMPILER_APPICON_NAME = AppIcon;
				FRAMEWORK_SEARCH_PATHS = (
					"$(inherited)",
					"$(PROJECT_DIR)/Phocalstream/Frameworks",
				);
				INFOPLIST_FILE = Phocalstream/Info.plist;
				LD_RUNPATH_SEARCH_PATHS = "$(inherited) @executable_path/Frameworks";
				PRODUCT_NAME = "$(TARGET_NAME)";
			};
			name = Debug;
		};
		6EFB86561B0A3EAD0089A750 /* Release */ = {
			isa = XCBuildConfiguration;
			buildSettings = {
				ASSETCATALOG_COMPILER_APPICON_NAME = AppIcon;
				FRAMEWORK_SEARCH_PATHS = (
					"$(inherited)",
					"$(PROJECT_DIR)/Phocalstream/Frameworks",
				);
				INFOPLIST_FILE = Phocalstream/Info.plist;
				LD_RUNPATH_SEARCH_PATHS = "$(inherited) @executable_path/Frameworks";
				PRODUCT_NAME = "$(TARGET_NAME)";
			};
			name = Release;
		};
		6EFB86581B0A3EAD0089A750 /* Debug */ = {
			isa = XCBuildConfiguration;
			buildSettings = {
				BUNDLE_LOADER = "$(TEST_HOST)";
				FRAMEWORK_SEARCH_PATHS = (
					"$(SDKROOT)/Developer/Library/Frameworks",
					"$(inherited)",
				);
				GCC_PREPROCESSOR_DEFINITIONS = (
					"DEBUG=1",
					"$(inherited)",
				);
				INFOPLIST_FILE = PhocalstreamTests/Info.plist;
				LD_RUNPATH_SEARCH_PATHS = "$(inherited) @executable_path/Frameworks @loader_path/Frameworks";
				PRODUCT_NAME = "$(TARGET_NAME)";
				TEST_HOST = "$(BUILT_PRODUCTS_DIR)/Phocalstream.app/Phocalstream";
			};
			name = Debug;
		};
		6EFB86591B0A3EAD0089A750 /* Release */ = {
			isa = XCBuildConfiguration;
			buildSettings = {
				BUNDLE_LOADER = "$(TEST_HOST)";
				FRAMEWORK_SEARCH_PATHS = (
					"$(SDKROOT)/Developer/Library/Frameworks",
					"$(inherited)",
				);
				INFOPLIST_FILE = PhocalstreamTests/Info.plist;
				LD_RUNPATH_SEARCH_PATHS = "$(inherited) @executable_path/Frameworks @loader_path/Frameworks";
				PRODUCT_NAME = "$(TARGET_NAME)";
				TEST_HOST = "$(BUILT_PRODUCTS_DIR)/Phocalstream.app/Phocalstream";
			};
			name = Release;
		};
/* End XCBuildConfiguration section */

/* Begin XCConfigurationList section */
		6EFB86301B0A3EAD0089A750 /* Build configuration list for PBXProject "Phocalstream" */ = {
			isa = XCConfigurationList;
			buildConfigurations = (
				6EFB86521B0A3EAD0089A750 /* Debug */,
				6EFB86531B0A3EAD0089A750 /* Release */,
			);
			defaultConfigurationIsVisible = 0;
			defaultConfigurationName = Release;
		};
		6EFB86541B0A3EAD0089A750 /* Build configuration list for PBXNativeTarget "Phocalstream" */ = {
			isa = XCConfigurationList;
			buildConfigurations = (
				6EFB86551B0A3EAD0089A750 /* Debug */,
				6EFB86561B0A3EAD0089A750 /* Release */,
			);
			defaultConfigurationIsVisible = 0;
			defaultConfigurationName = Release;
		};
		6EFB86571B0A3EAD0089A750 /* Build configuration list for PBXNativeTarget "PhocalstreamTests" */ = {
			isa = XCConfigurationList;
			buildConfigurations = (
				6EFB86581B0A3EAD0089A750 /* Debug */,
				6EFB86591B0A3EAD0089A750 /* Release */,
			);
			defaultConfigurationIsVisible = 0;
			defaultConfigurationName = Release;
		};
/* End XCConfigurationList section */
	};
	rootObject = 6EFB862D1B0A3EAD0089A750 /* Project object */;
}
